
Microsoft Visual Studio Solution File, Format Version 12.00
# Visual Studio Version 16
VisualStudioVersion = 16.0.31515.178
MinimumVisualStudioVersion = 10.0.40219.1
Project("{FAE04EC0-301F-11D3-BF4B-00C04F79EFBC}") = "密钥检测关键字符串Hook", "密钥检测关键字符串Hook\密钥检测关键字符串Hook.csproj", "{C15C0E25-256F-483C-AFB5-398FE6E288FE}"
EndProject
Global
	GlobalSection(SolutionConfigurationPlatforms) = preSolution
		Debug|Any CPU = Debug|Any CPU
		Release|Any CPU = Release|Any CPU
	EndGlobalSection
	GlobalSection(ProjectConfigurationPlatforms) = postSolution
		{C15C0E25-256F-483C-AFB5-398FE6E288FE}.Debug|Any CPU.ActiveCfg = Debug|Any CPU
		{C15C0E25-256F-483C-AFB5-398FE6E288FE}.Debug|Any CPU.Build.0 = Debug|Any CPU
		{C15C0E25-256F-483C-AFB5-398FE6E288FE}.Release|Any CPU.ActiveCfg = Release|Any CPU
		{C15C0E25-256F-483C-AFB5-398FE6E288FE}.Release|Any CPU.Build.0 = Release|Any CPU
	EndGlobalSection
	GlobalSection(SolutionProperties) = preSolution
		HideSolutionNode = FALSE
	EndGlobalSection
	GlobalSection(ExtensibilityGlobals) = postSolution
		SolutionGuid = {96A296E6-928A-45C8-A840-030E54CEA3C1}
	EndGlobalSection
EndGlobal
